// !$*UTF8*$!
{
	archiveVersion = 1;
	classes = {
	};
	objectVersion = 48;
	objects = {

/* Begin PBXBuildFile section */
		04AB3DE71F017DF3008A66C8 /* EnvironmentVariable.swift in Sources */ = {isa = PBXBuildFile; fileRef = 04AB3DE61F017DF3008A66C8 /* EnvironmentVariable.swift */; };
		04DEC8931F0175AE00BD2AF8 /* API.swift in Sources */ = {isa = PBXBuildFile; fileRef = 04DEC8921F0175AE00BD2AF8 /* API.swift */; };
		23C536169BCCCE2C884D836E /* Pods_Pokedex.framework in Frameworks */ = {isa = PBXBuildFile; fileRef = 9EA861AF20AD46AC45C7E596 /* Pods_Pokedex.framework */; };
		537662681F00AED500156EE5 /* AppDelegate.swift in Sources */ = {isa = PBXBuildFile; fileRef = 537662671F00AED500156EE5 /* AppDelegate.swift */; };
		5376626A1F00AED500156EE5 /* HomeController.swift in Sources */ = {isa = PBXBuildFile; fileRef = 537662691F00AED500156EE5 /* HomeController.swift */; };
		5376626D1F00AED500156EE5 /* Main.storyboard in Resources */ = {isa = PBXBuildFile; fileRef = 5376626B1F00AED500156EE5 /* Main.storyboard */; };
		5376626F1F00AED500156EE5 /* Assets.xcassets in Resources */ = {isa = PBXBuildFile; fileRef = 5376626E1F00AED500156EE5 /* Assets.xcassets */; };
		537662721F00AED500156EE5 /* LaunchScreen.storyboard in Resources */ = {isa = PBXBuildFile; fileRef = 537662701F00AED500156EE5 /* LaunchScreen.storyboard */; };
		5376627D1F00AED500156EE5 /* PokedexTests.swift in Sources */ = {isa = PBXBuildFile; fileRef = 5376627C1F00AED500156EE5 /* PokedexTests.swift */; };
		537662881F00AED500156EE5 /* PokedexUITests.swift in Sources */ = {isa = PBXBuildFile; fileRef = 537662871F00AED500156EE5 /* PokedexUITests.swift */; };
		A0135D06BB0507F7E09A6110 /* Pods_PokedexTests.framework in Frameworks */ = {isa = PBXBuildFile; fileRef = 1D8BA84F3FEBB15BC5240B6E /* Pods_PokedexTests.framework */; };
		B593A283EDBCE5DF1BFEFDA9 /* Pods_PokedexUITests.framework in Frameworks */ = {isa = PBXBuildFile; fileRef = 5DFF968916AE66FF9973D31B /* Pods_PokedexUITests.framework */; };
/* End PBXBuildFile section */

/* Begin PBXContainerItemProxy section */
		537662791F00AED500156EE5 /* PBXContainerItemProxy */ = {
			isa = PBXContainerItemProxy;
			containerPortal = 5376625C1F00AED500156EE5 /* Project object */;
			proxyType = 1;
			remoteGlobalIDString = 537662631F00AED500156EE5;
			remoteInfo = Pokedex;
		};
		537662841F00AED500156EE5 /* PBXContainerItemProxy */ = {
			isa = PBXContainerItemProxy;
			containerPortal = 5376625C1F00AED500156EE5 /* Project object */;
			proxyType = 1;
			remoteGlobalIDString = 537662631F00AED500156EE5;
			remoteInfo = Pokedex;
		};
/* End PBXContainerItemProxy section */

/* Begin PBXFileReference section */
		04AB3DE61F017DF3008A66C8 /* EnvironmentVariable.swift */ = {isa = PBXFileReference; fileEncoding = 4; lastKnownFileType = sourcecode.swift; path = EnvironmentVariable.swift; sourceTree = "<group>"; };
		04DEC8921F0175AE00BD2AF8 /* API.swift */ = {isa = PBXFileReference; fileEncoding = 4; lastKnownFileType = sourcecode.swift; path = API.swift; sourceTree = "<group>"; };
		1D8BA84F3FEBB15BC5240B6E /* Pods_PokedexTests.framework */ = {isa = PBXFileReference; explicitFileType = wrapper.framework; includeInIndex = 0; path = Pods_PokedexTests.framework; sourceTree = BUILT_PRODUCTS_DIR; };
		26FA69946098B8E447A91E41 /* Pods-Pokedex.release.xcconfig */ = {isa = PBXFileReference; includeInIndex = 1; lastKnownFileType = text.xcconfig; name = "Pods-Pokedex.release.xcconfig"; path = "Pods/Target Support Files/Pods-Pokedex/Pods-Pokedex.release.xcconfig"; sourceTree = "<group>"; };
		537662641F00AED500156EE5 /* Pokedex.app */ = {isa = PBXFileReference; explicitFileType = wrapper.application; includeInIndex = 0; path = Pokedex.app; sourceTree = BUILT_PRODUCTS_DIR; };
		537662671F00AED500156EE5 /* AppDelegate.swift */ = {isa = PBXFileReference; lastKnownFileType = sourcecode.swift; path = AppDelegate.swift; sourceTree = "<group>"; };
		537662691F00AED500156EE5 /* HomeController.swift */ = {isa = PBXFileReference; lastKnownFileType = sourcecode.swift; path = HomeController.swift; sourceTree = "<group>"; };
		5376626C1F00AED500156EE5 /* Base */ = {isa = PBXFileReference; lastKnownFileType = file.storyboard; name = Base; path = Base.lproj/Main.storyboard; sourceTree = "<group>"; };
		5376626E1F00AED500156EE5 /* Assets.xcassets */ = {isa = PBXFileReference; lastKnownFileType = folder.assetcatalog; path = Assets.xcassets; sourceTree = "<group>"; };
		537662711F00AED500156EE5 /* Base */ = {isa = PBXFileReference; lastKnownFileType = file.storyboard; name = Base; path = Base.lproj/LaunchScreen.storyboard; sourceTree = "<group>"; };
		537662731F00AED500156EE5 /* Info.plist */ = {isa = PBXFileReference; lastKnownFileType = text.plist.xml; path = Info.plist; sourceTree = "<group>"; };
		537662781F00AED500156EE5 /* PokedexTests.xctest */ = {isa = PBXFileReference; explicitFileType = wrapper.cfbundle; includeInIndex = 0; path = PokedexTests.xctest; sourceTree = BUILT_PRODUCTS_DIR; };
		5376627C1F00AED500156EE5 /* PokedexTests.swift */ = {isa = PBXFileReference; lastKnownFileType = sourcecode.swift; path = PokedexTests.swift; sourceTree = "<group>"; };
		5376627E1F00AED500156EE5 /* Info.plist */ = {isa = PBXFileReference; lastKnownFileType = text.plist.xml; path = Info.plist; sourceTree = "<group>"; };
		537662831F00AED500156EE5 /* PokedexUITests.xctest */ = {isa = PBXFileReference; explicitFileType = wrapper.cfbundle; includeInIndex = 0; path = PokedexUITests.xctest; sourceTree = BUILT_PRODUCTS_DIR; };
		537662871F00AED500156EE5 /* PokedexUITests.swift */ = {isa = PBXFileReference; lastKnownFileType = sourcecode.swift; path = PokedexUITests.swift; sourceTree = "<group>"; };
		537662891F00AED500156EE5 /* Info.plist */ = {isa = PBXFileReference; lastKnownFileType = text.plist.xml; path = Info.plist; sourceTree = "<group>"; };
		5DFF968916AE66FF9973D31B /* Pods_PokedexUITests.framework */ = {isa = PBXFileReference; explicitFileType = wrapper.framework; includeInIndex = 0; path = Pods_PokedexUITests.framework; sourceTree = BUILT_PRODUCTS_DIR; };
		779D6B7C5052F7C1832C5BCD /* Pods-PokedexTests.debug.xcconfig */ = {isa = PBXFileReference; includeInIndex = 1; lastKnownFileType = text.xcconfig; name = "Pods-PokedexTests.debug.xcconfig"; path = "Pods/Target Support Files/Pods-PokedexTests/Pods-PokedexTests.debug.xcconfig"; sourceTree = "<group>"; };
		9EA861AF20AD46AC45C7E596 /* Pods_Pokedex.framework */ = {isa = PBXFileReference; explicitFileType = wrapper.framework; includeInIndex = 0; path = Pods_Pokedex.framework; sourceTree = BUILT_PRODUCTS_DIR; };
		A27EFF3F736C2B7986497684 /* Pods-PokedexUITests.debug.xcconfig */ = {isa = PBXFileReference; includeInIndex = 1; lastKnownFileType = text.xcconfig; name = "Pods-PokedexUITests.debug.xcconfig"; path = "Pods/Target Support Files/Pods-PokedexUITests/Pods-PokedexUITests.debug.xcconfig"; sourceTree = "<group>"; };
		C7D1BB908749F2633B13979C /* Pods-PokedexUITests.release.xcconfig */ = {isa = PBXFileReference; includeInIndex = 1; lastKnownFileType = text.xcconfig; name = "Pods-PokedexUITests.release.xcconfig"; path = "Pods/Target Support Files/Pods-PokedexUITests/Pods-PokedexUITests.release.xcconfig"; sourceTree = "<group>"; };
		E5FA5F4872C2C653DB879915 /* Pods-PokedexTests.release.xcconfig */ = {isa = PBXFileReference; includeInIndex = 1; lastKnownFileType = text.xcconfig; name = "Pods-PokedexTests.release.xcconfig"; path = "Pods/Target Support Files/Pods-PokedexTests/Pods-PokedexTests.release.xcconfig"; sourceTree = "<group>"; };
		FABC43EBE9D52BF4A6CF628B /* Pods-Pokedex.debug.xcconfig */ = {isa = PBXFileReference; includeInIndex = 1; lastKnownFileType = text.xcconfig; name = "Pods-Pokedex.debug.xcconfig"; path = "Pods/Target Support Files/Pods-Pokedex/Pods-Pokedex.debug.xcconfig"; sourceTree = "<group>"; };
/* End PBXFileReference section */

/* Begin PBXFrameworksBuildPhase section */
		537662611F00AED500156EE5 /* Frameworks */ = {
			isa = PBXFrameworksBuildPhase;
			buildActionMask = 2147483647;
			files = (
				23C536169BCCCE2C884D836E /* Pods_Pokedex.framework in Frameworks */,
			);
			runOnlyForDeploymentPostprocessing = 0;
		};
		537662751F00AED500156EE5 /* Frameworks */ = {
			isa = PBXFrameworksBuildPhase;
			buildActionMask = 2147483647;
			files = (
				A0135D06BB0507F7E09A6110 /* Pods_PokedexTests.framework in Frameworks */,
			);
			runOnlyForDeploymentPostprocessing = 0;
		};
		537662801F00AED500156EE5 /* Frameworks */ = {
			isa = PBXFrameworksBuildPhase;
			buildActionMask = 2147483647;
			files = (
				B593A283EDBCE5DF1BFEFDA9 /* Pods_PokedexUITests.framework in Frameworks */,
			);
			runOnlyForDeploymentPostprocessing = 0;
		};
/* End PBXFrameworksBuildPhase section */

/* Begin PBXGroup section */
		04DEC8911F01757B00BD2AF8 /* Networking */ = {
			isa = PBXGroup;
			children = (
				04DEC8921F0175AE00BD2AF8 /* API.swift */,
				04AB3DE61F017DF3008A66C8 /* EnvironmentVariable.swift */,
			);
			path = Networking;
			sourceTree = "<group>";
		};
		1372DBB68261C7775EDA0201 /* Frameworks */ = {
			isa = PBXGroup;
			children = (
				9EA861AF20AD46AC45C7E596 /* Pods_Pokedex.framework */,
				1D8BA84F3FEBB15BC5240B6E /* Pods_PokedexTests.framework */,
				5DFF968916AE66FF9973D31B /* Pods_PokedexUITests.framework */,
			);
			name = Frameworks;
			sourceTree = "<group>";
		};
		295CFC3DB5E6199BD4A2DDC4 /* Pods */ = {
			isa = PBXGroup;
			children = (
				FABC43EBE9D52BF4A6CF628B /* Pods-Pokedex.debug.xcconfig */,
				26FA69946098B8E447A91E41 /* Pods-Pokedex.release.xcconfig */,
				779D6B7C5052F7C1832C5BCD /* Pods-PokedexTests.debug.xcconfig */,
				E5FA5F4872C2C653DB879915 /* Pods-PokedexTests.release.xcconfig */,
				A27EFF3F736C2B7986497684 /* Pods-PokedexUITests.debug.xcconfig */,
				C7D1BB908749F2633B13979C /* Pods-PokedexUITests.release.xcconfig */,
			);
			name = Pods;
			sourceTree = "<group>";
		};
		5376625B1F00AED500156EE5 = {
			isa = PBXGroup;
			children = (
				537662661F00AED500156EE5 /* Pokedex */,
				5376627B1F00AED500156EE5 /* PokedexTests */,
				537662861F00AED500156EE5 /* PokedexUITests */,
				537662651F00AED500156EE5 /* Products */,
				295CFC3DB5E6199BD4A2DDC4 /* Pods */,
				1372DBB68261C7775EDA0201 /* Frameworks */,
			);
			sourceTree = "<group>";
		};
		537662651F00AED500156EE5 /* Products */ = {
			isa = PBXGroup;
			children = (
				537662641F00AED500156EE5 /* Pokedex.app */,
				537662781F00AED500156EE5 /* PokedexTests.xctest */,
				537662831F00AED500156EE5 /* PokedexUITests.xctest */,
			);
			name = Products;
			sourceTree = "<group>";
		};
		537662661F00AED500156EE5 /* Pokedex */ = {
			isa = PBXGroup;
			children = (
				538C315D1F00B66200AC9AE6 /* Commons */,
				538C315E1F00B66600AC9AE6 /* Controllers */,
				04DEC8911F01757B00BD2AF8 /* Networking */,
				538C315F1F00B66C00AC9AE6 /* Resources */,
				538C31601F00B68300AC9AE6 /* Storyboards */,
			);
			path = Pokedex;
			sourceTree = "<group>";
		};
		5376627B1F00AED500156EE5 /* PokedexTests */ = {
			isa = PBXGroup;
			children = (
				5376627E1F00AED500156EE5 /* Info.plist */,
				5376627C1F00AED500156EE5 /* PokedexTests.swift */,
			);
			path = PokedexTests;
			sourceTree = "<group>";
		};
		537662861F00AED500156EE5 /* PokedexUITests */ = {
			isa = PBXGroup;
			children = (
				537662891F00AED500156EE5 /* Info.plist */,
				537662871F00AED500156EE5 /* PokedexUITests.swift */,
			);
			path = PokedexUITests;
			sourceTree = "<group>";
		};
		538C315D1F00B66200AC9AE6 /* Commons */ = {
			isa = PBXGroup;
			children = (
				537662671F00AED500156EE5 /* AppDelegate.swift */,
			);
			path = Commons;
			sourceTree = "<group>";
		};
		538C315E1F00B66600AC9AE6 /* Controllers */ = {
			isa = PBXGroup;
			children = (
				537662691F00AED500156EE5 /* HomeController.swift */,
			);
			path = Controllers;
			sourceTree = "<group>";
		};
		538C315F1F00B66C00AC9AE6 /* Resources */ = {
			isa = PBXGroup;
			children = (
				5376626E1F00AED500156EE5 /* Assets.xcassets */,
				537662731F00AED500156EE5 /* Info.plist */,
			);
			path = Resources;
			sourceTree = "<group>";
		};
		538C31601F00B68300AC9AE6 /* Storyboards */ = {
			isa = PBXGroup;
			children = (
				537662701F00AED500156EE5 /* LaunchScreen.storyboard */,
				5376626B1F00AED500156EE5 /* Main.storyboard */,
			);
			path = Storyboards;
			sourceTree = "<group>";
		};
/* End PBXGroup section */

/* Begin PBXNativeTarget section */
		537662631F00AED500156EE5 /* Pokedex */ = {
			isa = PBXNativeTarget;
			buildConfigurationList = 5376628C1F00AED500156EE5 /* Build configuration list for PBXNativeTarget "Pokedex" */;
			buildPhases = (
				707BF2D29A0B759A63EF9E78 /* [CP] Check Pods Manifest.lock */,
				04DEC8901F01736200BD2AF8 /* Generate Apollo GraphQL API */,
				537662601F00AED500156EE5 /* Sources */,
				537662611F00AED500156EE5 /* Frameworks */,
				537662621F00AED500156EE5 /* Resources */,
				59AE68E3BD86EE7256381434 /* [CP] Embed Pods Frameworks */,
				72E0799F42784C29EC1F2579 /* [CP] Copy Pods Resources */,
			);
			buildRules = (
			);
			dependencies = (
			);
			name = Pokedex;
			productName = Pokedex;
			productReference = 537662641F00AED500156EE5 /* Pokedex.app */;
			productType = "com.apple.product-type.application";
		};
		537662771F00AED500156EE5 /* PokedexTests */ = {
			isa = PBXNativeTarget;
			buildConfigurationList = 5376628F1F00AED500156EE5 /* Build configuration list for PBXNativeTarget "PokedexTests" */;
			buildPhases = (
				640F5E2C26D44FFDC86078BC /* [CP] Check Pods Manifest.lock */,
				537662741F00AED500156EE5 /* Sources */,
				537662751F00AED500156EE5 /* Frameworks */,
				537662761F00AED500156EE5 /* Resources */,
				33F93AA30EDD0BFE50F046F7 /* [CP] Embed Pods Frameworks */,
				769D17B7F38F2E81968C432F /* [CP] Copy Pods Resources */,
			);
			buildRules = (
			);
			dependencies = (
				5376627A1F00AED500156EE5 /* PBXTargetDependency */,
			);
			name = PokedexTests;
			productName = PokedexTests;
			productReference = 537662781F00AED500156EE5 /* PokedexTests.xctest */;
			productType = "com.apple.product-type.bundle.unit-test";
		};
		537662821F00AED500156EE5 /* PokedexUITests */ = {
			isa = PBXNativeTarget;
			buildConfigurationList = 537662921F00AED500156EE5 /* Build configuration list for PBXNativeTarget "PokedexUITests" */;
			buildPhases = (
				D5B1413FE7B42EE45C835AB1 /* [CP] Check Pods Manifest.lock */,
				5376627F1F00AED500156EE5 /* Sources */,
				537662801F00AED500156EE5 /* Frameworks */,
				537662811F00AED500156EE5 /* Resources */,
				DA451C49D65D5831D2120DA0 /* [CP] Embed Pods Frameworks */,
				478D55EB7F126060B39E332C /* [CP] Copy Pods Resources */,
			);
			buildRules = (
			);
			dependencies = (
				537662851F00AED500156EE5 /* PBXTargetDependency */,
			);
			name = PokedexUITests;
			productName = PokedexUITests;
			productReference = 537662831F00AED500156EE5 /* PokedexUITests.xctest */;
			productType = "com.apple.product-type.bundle.ui-testing";
		};
/* End PBXNativeTarget section */

/* Begin PBXProject section */
		5376625C1F00AED500156EE5 /* Project object */ = {
			isa = PBXProject;
			attributes = {
				LastSwiftUpdateCheck = 0900;
				LastUpgradeCheck = 0900;
				ORGANIZATIONNAME = "Swift Yah";
				TargetAttributes = {
					537662631F00AED500156EE5 = {
						CreatedOnToolsVersion = 9.0;
						LastSwiftMigration = 0830;
					};
					537662771F00AED500156EE5 = {
						CreatedOnToolsVersion = 9.0;
						TestTargetID = 537662631F00AED500156EE5;
					};
					537662821F00AED500156EE5 = {
						CreatedOnToolsVersion = 9.0;
						TestTargetID = 537662631F00AED500156EE5;
					};
				};
			};
			buildConfigurationList = 5376625F1F00AED500156EE5 /* Build configuration list for PBXProject "Pokedex" */;
			compatibilityVersion = "Xcode 8.0";
			developmentRegion = en;
			hasScannedForEncodings = 0;
			knownRegions = (
				en,
				Base,
			);
			mainGroup = 5376625B1F00AED500156EE5;
			productRefGroup = 537662651F00AED500156EE5 /* Products */;
			projectDirPath = "";
			projectRoot = "";
			targets = (
				537662631F00AED500156EE5 /* Pokedex */,
				537662771F00AED500156EE5 /* PokedexTests */,
				537662821F00AED500156EE5 /* PokedexUITests */,
			);
		};
/* End PBXProject section */

/* Begin PBXResourcesBuildPhase section */
		537662621F00AED500156EE5 /* Resources */ = {
			isa = PBXResourcesBuildPhase;
			buildActionMask = 2147483647;
			files = (
				537662721F00AED500156EE5 /* LaunchScreen.storyboard in Resources */,
				5376626F1F00AED500156EE5 /* Assets.xcassets in Resources */,
				5376626D1F00AED500156EE5 /* Main.storyboard in Resources */,
			);
			runOnlyForDeploymentPostprocessing = 0;
		};
		537662761F00AED500156EE5 /* Resources */ = {
			isa = PBXResourcesBuildPhase;
			buildActionMask = 2147483647;
			files = (
			);
			runOnlyForDeploymentPostprocessing = 0;
		};
		537662811F00AED500156EE5 /* Resources */ = {
			isa = PBXResourcesBuildPhase;
			buildActionMask = 2147483647;
			files = (
			);
			runOnlyForDeploymentPostprocessing = 0;
		};
/* End PBXResourcesBuildPhase section */

/* Begin PBXShellScriptBuildPhase section */
		04DEC8901F01736200BD2AF8 /* Generate Apollo GraphQL API */ = {
			isa = PBXShellScriptBuildPhase;
			buildActionMask = 2147483647;
			files = (
			);
			inputPaths = (
			);
			name = "Generate Apollo GraphQL API";
			outputPaths = (
			);
			runOnlyForDeploymentPostprocessing = 0;
			shellPath = /bin/sh;
			shellScript = "APOLLO_FRAMEWORK_PATH=\"$(eval find $FRAMEWORK_SEARCH_PATHS -name \"Apollo.framework\" -maxdepth 1)\"\n\nif [ -z \"$APOLLO_FRAMEWORK_PATH\" ]; then\necho \"error: Couldn't find Apollo.framework in FRAMEWORK_SEARCH_PATHS; make sure to add the framework to your project.\"\nexit 1\nfi\n\ncd \"${SRCROOT}/${TARGET_NAME}\"\n$APOLLO_FRAMEWORK_PATH/check-and-run-apollo-codegen.sh generate $(find . -name '*.graphql') --schema schema.json --output Networking/API.swift";
		};
		33F93AA30EDD0BFE50F046F7 /* [CP] Embed Pods Frameworks */ = {
			isa = PBXShellScriptBuildPhase;
			buildActionMask = 2147483647;
			files = (
			);
			inputPaths = (
			);
			name = "[CP] Embed Pods Frameworks";
			outputPaths = (
			);
			runOnlyForDeploymentPostprocessing = 0;
			shellPath = /bin/sh;
			shellScript = "\"${SRCROOT}/Pods/Target Support Files/Pods-PokedexTests/Pods-PokedexTests-frameworks.sh\"\n";
			showEnvVarsInLog = 0;
		};
		478D55EB7F126060B39E332C /* [CP] Copy Pods Resources */ = {
			isa = PBXShellScriptBuildPhase;
			buildActionMask = 2147483647;
			files = (
			);
			inputPaths = (
			);
			name = "[CP] Copy Pods Resources";
			outputPaths = (
			);
			runOnlyForDeploymentPostprocessing = 0;
			shellPath = /bin/sh;
			shellScript = "\"${SRCROOT}/Pods/Target Support Files/Pods-PokedexUITests/Pods-PokedexUITests-resources.sh\"\n";
			showEnvVarsInLog = 0;
		};
		59AE68E3BD86EE7256381434 /* [CP] Embed Pods Frameworks */ = {
			isa = PBXShellScriptBuildPhase;
			buildActionMask = 2147483647;
			files = (
			);
			inputPaths = (
			);
			name = "[CP] Embed Pods Frameworks";
			outputPaths = (
			);
			runOnlyForDeploymentPostprocessing = 0;
			shellPath = /bin/sh;
			shellScript = "\"${SRCROOT}/Pods/Target Support Files/Pods-Pokedex/Pods-Pokedex-frameworks.sh\"\n";
			showEnvVarsInLog = 0;
		};
		640F5E2C26D44FFDC86078BC /* [CP] Check Pods Manifest.lock */ = {
			isa = PBXShellScriptBuildPhase;
			buildActionMask = 2147483647;
			files = (
			);
			inputPaths = (
			);
			name = "[CP] Check Pods Manifest.lock";
			outputPaths = (
			);
			runOnlyForDeploymentPostprocessing = 0;
			shellPath = /bin/sh;
			shellScript = "diff \"${PODS_PODFILE_DIR_PATH}/Podfile.lock\" \"${PODS_ROOT}/Manifest.lock\" > /dev/null\nif [ $? != 0 ] ; then\n    # print error to STDERR\n    echo \"error: The sandbox is not in sync with the Podfile.lock. Run 'pod install' or update your CocoaPods installation.\" >&2\n    exit 1\nfi\n";
			showEnvVarsInLog = 0;
		};
		707BF2D29A0B759A63EF9E78 /* [CP] Check Pods Manifest.lock */ = {
			isa = PBXShellScriptBuildPhase;
			buildActionMask = 2147483647;
			files = (
			);
			inputPaths = (
			);
			name = "[CP] Check Pods Manifest.lock";
			outputPaths = (
			);
			runOnlyForDeploymentPostprocessing = 0;
			shellPath = /bin/sh;
			shellScript = "diff \"${PODS_PODFILE_DIR_PATH}/Podfile.lock\" \"${PODS_ROOT}/Manifest.lock\" > /dev/null\nif [ $? != 0 ] ; then\n    # print error to STDERR\n    echo \"error: The sandbox is not in sync with the Podfile.lock. Run 'pod install' or update your CocoaPods installation.\" >&2\n    exit 1\nfi\n";
			showEnvVarsInLog = 0;
		};
		72E0799F42784C29EC1F2579 /* [CP] Copy Pods Resources */ = {
			isa = PBXShellScriptBuildPhase;
			buildActionMask = 2147483647;
			files = (
			);
			inputPaths = (
			);
			name = "[CP] Copy Pods Resources";
			outputPaths = (
			);
			runOnlyForDeploymentPostprocessing = 0;
			shellPath = /bin/sh;
			shellScript = "\"${SRCROOT}/Pods/Target Support Files/Pods-Pokedex/Pods-Pokedex-resources.sh\"\n";
			showEnvVarsInLog = 0;
		};
		769D17B7F38F2E81968C432F /* [CP] Copy Pods Resources */ = {
			isa = PBXShellScriptBuildPhase;
			buildActionMask = 2147483647;
			files = (
			);
			inputPaths = (
			);
			name = "[CP] Copy Pods Resources";
			outputPaths = (
			);
			runOnlyForDeploymentPostprocessing = 0;
			shellPath = /bin/sh;
			shellScript = "\"${SRCROOT}/Pods/Target Support Files/Pods-PokedexTests/Pods-PokedexTests-resources.sh\"\n";
			showEnvVarsInLog = 0;
		};
		D5B1413FE7B42EE45C835AB1 /* [CP] Check Pods Manifest.lock */ = {
			isa = PBXShellScriptBuildPhase;
			buildActionMask = 2147483647;
			files = (
			);
			inputPaths = (
			);
			name = "[CP] Check Pods Manifest.lock";
			outputPaths = (
			);
			runOnlyForDeploymentPostprocessing = 0;
			shellPath = /bin/sh;
			shellScript = "diff \"${PODS_PODFILE_DIR_PATH}/Podfile.lock\" \"${PODS_ROOT}/Manifest.lock\" > /dev/null\nif [ $? != 0 ] ; then\n    # print error to STDERR\n    echo \"error: The sandbox is not in sync with the Podfile.lock. Run 'pod install' or update your CocoaPods installation.\" >&2\n    exit 1\nfi\n";
			showEnvVarsInLog = 0;
		};
		DA451C49D65D5831D2120DA0 /* [CP] Embed Pods Frameworks */ = {
			isa = PBXShellScriptBuildPhase;
			buildActionMask = 2147483647;
			files = (
			);
			inputPaths = (
			);
			name = "[CP] Embed Pods Frameworks";
			outputPaths = (
			);
			runOnlyForDeploymentPostprocessing = 0;
			shellPath = /bin/sh;
			shellScript = "\"${SRCROOT}/Pods/Target Support Files/Pods-PokedexUITests/Pods-PokedexUITests-frameworks.sh\"\n";
			showEnvVarsInLog = 0;
		};
/* End PBXShellScriptBuildPhase section */

/* Begin PBXSourcesBuildPhase section */
		537662601F00AED500156EE5 /* Sources */ = {
			isa = PBXSourcesBuildPhase;
			buildActionMask = 2147483647;
			files = (
				5376626A1F00AED500156EE5 /* HomeController.swift in Sources */,
				04DEC8931F0175AE00BD2AF8 /* API.swift in Sources */,
				537662681F00AED500156EE5 /* AppDelegate.swift in Sources */,
				04AB3DE71F017DF3008A66C8 /* EnvironmentVariable.swift in Sources */,
			);
			runOnlyForDeploymentPostprocessing = 0;
		};
		537662741F00AED500156EE5 /* Sources */ = {
			isa = PBXSourcesBuildPhase;
			buildActionMask = 2147483647;
			files = (
				5376627D1F00AED500156EE5 /* PokedexTests.swift in Sources */,
			);
			runOnlyForDeploymentPostprocessing = 0;
		};
		5376627F1F00AED500156EE5 /* Sources */ = {
			isa = PBXSourcesBuildPhase;
			buildActionMask = 2147483647;
			files = (
				537662881F00AED500156EE5 /* PokedexUITests.swift in Sources */,
			);
			runOnlyForDeploymentPostprocessing = 0;
		};
/* End PBXSourcesBuildPhase section */

/* Begin PBXTargetDependency section */
		5376627A1F00AED500156EE5 /* PBXTargetDependency */ = {
			isa = PBXTargetDependency;
			target = 537662631F00AED500156EE5 /* Pokedex */;
			targetProxy = 537662791F00AED500156EE5 /* PBXContainerItemProxy */;
		};
		537662851F00AED500156EE5 /* PBXTargetDependency */ = {
			isa = PBXTargetDependency;
			target = 537662631F00AED500156EE5 /* Pokedex */;
			targetProxy = 537662841F00AED500156EE5 /* PBXContainerItemProxy */;
		};
/* End PBXTargetDependency section */

/* Begin PBXVariantGroup section */
		5376626B1F00AED500156EE5 /* Main.storyboard */ = {
			isa = PBXVariantGroup;
			children = (
				5376626C1F00AED500156EE5 /* Base */,
			);
			name = Main.storyboard;
			path = .;
			sourceTree = "<group>";
		};
		537662701F00AED500156EE5 /* LaunchScreen.storyboard */ = {
			isa = PBXVariantGroup;
			children = (
				537662711F00AED500156EE5 /* Base */,
			);
			name = LaunchScreen.storyboard;
			path = .;
			sourceTree = "<group>";
		};
/* End PBXVariantGroup section */

/* Begin XCBuildConfiguration section */
		5376628A1F00AED500156EE5 /* Debug */ = {
			isa = XCBuildConfiguration;
			buildSettings = {
				ALWAYS_SEARCH_USER_PATHS = NO;
				CLANG_ANALYZER_NONNULL = YES;
				CLANG_ANALYZER_NUMBER_OBJECT_CONVERSION = YES_AGGRESSIVE;
				CLANG_CXX_LANGUAGE_STANDARD = "gnu++14";
				CLANG_CXX_LIBRARY = "libc++";
				CLANG_ENABLE_MODULES = YES;
				CLANG_ENABLE_OBJC_ARC = YES;
				CLANG_WARN_BLOCK_CAPTURE_AUTORELEASING = YES;
				CLANG_WARN_BOOL_CONVERSION = YES;
				CLANG_WARN_COMMA = YES;
				CLANG_WARN_CONSTANT_CONVERSION = YES;
				CLANG_WARN_DIRECT_OBJC_ISA_USAGE = YES_ERROR;
				CLANG_WARN_DOCUMENTATION_COMMENTS = YES;
				CLANG_WARN_EMPTY_BODY = YES;
				CLANG_WARN_ENUM_CONVERSION = YES;
				CLANG_WARN_INFINITE_RECURSION = YES;
				CLANG_WARN_INT_CONVERSION = YES;
				CLANG_WARN_OBJC_ROOT_CLASS = YES_ERROR;
				CLANG_WARN_RANGE_LOOP_ANALYSIS = YES;
				CLANG_WARN_STRICT_PROTOTYPES = YES;
				CLANG_WARN_SUSPICIOUS_MOVE = YES;
				CLANG_WARN_UNGUARDED_AVAILABILITY = YES_AGGRESSIVE;
				CLANG_WARN_UNREACHABLE_CODE = YES;
				CLANG_WARN__DUPLICATE_METHOD_MATCH = YES;
				CODE_SIGN_IDENTITY = "iPhone Developer";
				COPY_PHASE_STRIP = NO;
				DEBUG_INFORMATION_FORMAT = dwarf;
				ENABLE_STRICT_OBJC_MSGSEND = YES;
				ENABLE_TESTABILITY = YES;
				GCC_C_LANGUAGE_STANDARD = gnu11;
				GCC_DYNAMIC_NO_PIC = NO;
				GCC_NO_COMMON_BLOCKS = YES;
				GCC_OPTIMIZATION_LEVEL = 0;
				GCC_PREPROCESSOR_DEFINITIONS = (
					"DEBUG=1",
					"$(inherited)",
				);
				GCC_WARN_64_TO_32_BIT_CONVERSION = YES;
				GCC_WARN_ABOUT_RETURN_TYPE = YES_ERROR;
				GCC_WARN_UNDECLARED_SELECTOR = YES;
				GCC_WARN_UNINITIALIZED_AUTOS = YES_AGGRESSIVE;
				GCC_WARN_UNUSED_FUNCTION = YES;
				GCC_WARN_UNUSED_VARIABLE = YES;
				IPHONEOS_DEPLOYMENT_TARGET = 9.0;
				MTL_ENABLE_DEBUG_INFO = YES;
				ONLY_ACTIVE_ARCH = YES;
				SDKROOT = iphoneos;
				SWIFT_ACTIVE_COMPILATION_CONDITIONS = DEBUG;
				SWIFT_OPTIMIZATION_LEVEL = "-Onone";
			};
			name = Debug;
		};
		5376628B1F00AED500156EE5 /* Release */ = {
			isa = XCBuildConfiguration;
			buildSettings = {
				ALWAYS_SEARCH_USER_PATHS = NO;
				CLANG_ANALYZER_NONNULL = YES;
				CLANG_ANALYZER_NUMBER_OBJECT_CONVERSION = YES_AGGRESSIVE;
				CLANG_CXX_LANGUAGE_STANDARD = "gnu++14";
				CLANG_CXX_LIBRARY = "libc++";
				CLANG_ENABLE_MODULES = YES;
				CLANG_ENABLE_OBJC_ARC = YES;
				CLANG_WARN_BLOCK_CAPTURE_AUTORELEASING = YES;
				CLANG_WARN_BOOL_CONVERSION = YES;
				CLANG_WARN_COMMA = YES;
				CLANG_WARN_CONSTANT_CONVERSION = YES;
				CLANG_WARN_DIRECT_OBJC_ISA_USAGE = YES_ERROR;
				CLANG_WARN_DOCUMENTATION_COMMENTS = YES;
				CLANG_WARN_EMPTY_BODY = YES;
				CLANG_WARN_ENUM_CONVERSION = YES;
				CLANG_WARN_INFINITE_RECURSION = YES;
				CLANG_WARN_INT_CONVERSION = YES;
				CLANG_WARN_OBJC_ROOT_CLASS = YES_ERROR;
				CLANG_WARN_RANGE_LOOP_ANALYSIS = YES;
				CLANG_WARN_STRICT_PROTOTYPES = YES;
				CLANG_WARN_SUSPICIOUS_MOVE = YES;
				CLANG_WARN_UNGUARDED_AVAILABILITY = YES_AGGRESSIVE;
				CLANG_WARN_UNREACHABLE_CODE = YES;
				CLANG_WARN__DUPLICATE_METHOD_MATCH = YES;
				CODE_SIGN_IDENTITY = "iPhone Developer";
				COPY_PHASE_STRIP = NO;
				DEBUG_INFORMATION_FORMAT = "dwarf-with-dsym";
				ENABLE_NS_ASSERTIONS = NO;
				ENABLE_STRICT_OBJC_MSGSEND = YES;
				GCC_C_LANGUAGE_STANDARD = gnu11;
				GCC_NO_COMMON_BLOCKS = YES;
				GCC_WARN_64_TO_32_BIT_CONVERSION = YES;
				GCC_WARN_ABOUT_RETURN_TYPE = YES_ERROR;
				GCC_WARN_UNDECLARED_SELECTOR = YES;
				GCC_WARN_UNINITIALIZED_AUTOS = YES_AGGRESSIVE;
				GCC_WARN_UNUSED_FUNCTION = YES;
				GCC_WARN_UNUSED_VARIABLE = YES;
				IPHONEOS_DEPLOYMENT_TARGET = 9.0;
				MTL_ENABLE_DEBUG_INFO = NO;
				SDKROOT = iphoneos;
				SWIFT_OPTIMIZATION_LEVEL = "-Owholemodule";
				VALIDATE_PRODUCT = YES;
			};
			name = Release;
		};
		5376628D1F00AED500156EE5 /* Debug */ = {
			isa = XCBuildConfiguration;
			baseConfigurationReference = FABC43EBE9D52BF4A6CF628B /* Pods-Pokedex.debug.xcconfig */;
			buildSettings = {
				ASSETCATALOG_COMPILER_APPICON_NAME = AppIcon;
				BASE_URL = "https://api.graph.cool/simple/v1/cj4djga1gmwv701424dieiils";
				DEVELOPMENT_TEAM = LQ5WW9469F;
				INFOPLIST_FILE = "$(SRCROOT)/Pokedex/Resources/Info.plist";
				LD_RUNPATH_SEARCH_PATHS = "$(inherited) @executable_path/Frameworks";
				PRODUCT_BUNDLE_IDENTIFIER = "io.swift-yah.Pokedex";
				PRODUCT_NAME = "$(TARGET_NAME)";
				SWIFT_VERSION = 3.0;
				TARGETED_DEVICE_FAMILY = "1,2";
			};
			name = Debug;
		};
		5376628E1F00AED500156EE5 /* Release */ = {
			isa = XCBuildConfiguration;
			baseConfigurationReference = 26FA69946098B8E447A91E41 /* Pods-Pokedex.release.xcconfig */;
			buildSettings = {
				ASSETCATALOG_COMPILER_APPICON_NAME = AppIcon;
				BASE_URL = "https://api.graph.cool/simple/v1/cj4djga1gmwv701424dieiils";
				DEVELOPMENT_TEAM = LQ5WW9469F;
				INFOPLIST_FILE = "$(SRCROOT)/Pokedex/Resources/Info.plist";
				LD_RUNPATH_SEARCH_PATHS = "$(inherited) @executable_path/Frameworks";
				PRODUCT_BUNDLE_IDENTIFIER = "io.swift-yah.Pokedex";
				PRODUCT_NAME = "$(TARGET_NAME)";
				SWIFT_VERSION = 3.0;
				TARGETED_DEVICE_FAMILY = "1,2";
			};
			name = Release;
		};
		537662901F00AED500156EE5 /* Debug */ = {
			isa = XCBuildConfiguration;
			baseConfigurationReference = 779D6B7C5052F7C1832C5BCD /* Pods-PokedexTests.debug.xcconfig */;
			buildSettings = {
				ALWAYS_EMBED_SWIFT_STANDARD_LIBRARIES = YES;
				BUNDLE_LOADER = "$(TEST_HOST)";
				DEVELOPMENT_TEAM = LQ5WW9469F;
				INFOPLIST_FILE = PokedexTests/Info.plist;
				LD_RUNPATH_SEARCH_PATHS = "$(inherited) @executable_path/Frameworks @loader_path/Frameworks";
				PRODUCT_BUNDLE_IDENTIFIER = "io.swift-yah.PokedexTests";
				PRODUCT_NAME = "$(TARGET_NAME)";
				SWIFT_VERSION = 3.0;
				TARGETED_DEVICE_FAMILY = "1,2";
				TEST_HOST = "$(BUILT_PRODUCTS_DIR)/Pokedex.app/Pokedex";
			};
			name = Debug;
		};
		537662911F00AED500156EE5 /* Release */ = {
			isa = XCBuildConfiguration;
			baseConfigurationReference = E5FA5F4872C2C653DB879915 /* Pods-PokedexTests.release.xcconfig */;
			buildSettings = {
				ALWAYS_EMBED_SWIFT_STANDARD_LIBRARIES = YES;
				BUNDLE_LOADER = "$(TEST_HOST)";
				DEVELOPMENT_TEAM = LQ5WW9469F;
				INFOPLIST_FILE = PokedexTests/Info.plist;
				LD_RUNPATH_SEARCH_PATHS = "$(inherited) @executable_path/Frameworks @loader_path/Frameworks";
				PRODUCT_BUNDLE_IDENTIFIER = "io.swift-yah.PokedexTests";
				PRODUCT_NAME = "$(TARGET_NAME)";
				SWIFT_VERSION = 3.0;
				TARGETED_DEVICE_FAMILY = "1,2";
				TEST_HOST = "$(BUILT_PRODUCTS_DIR)/Pokedex.app/Pokedex";
			};
			name = Release;
		};
		537662931F00AED500156EE5 /* Debug */ = {
			isa = XCBuildConfiguration;
			baseConfigurationReference = A27EFF3F736C2B7986497684 /* Pods-PokedexUITests.debug.xcconfig */;
			buildSettings = {
				ALWAYS_EMBED_SWIFT_STANDARD_LIBRARIES = YES;
				DEVELOPMENT_TEAM = LQ5WW9469F;
				INFOPLIST_FILE = PokedexUITests/Info.plist;
				LD_RUNPATH_SEARCH_PATHS = "$(inherited) @executable_path/Frameworks @loader_path/Frameworks";
				PRODUCT_BUNDLE_IDENTIFIER = "io.swift-yah.PokedexUITests";
				PRODUCT_NAME = "$(TARGET_NAME)";
				SWIFT_VERSION = 3.0;
				TARGETED_DEVICE_FAMILY = "1,2";
				TEST_TARGET_NAME = Pokedex;
			};
			name = Debug;
		};
		537662941F00AED500156EE5 /* Release */ = {
			isa = XCBuildConfiguration;
			baseConfigurationReference = C7D1BB908749F2633B13979C /* Pods-PokedexUITests.release.xcconfig */;
			buildSettings = {
				ALWAYS_EMBED_SWIFT_STANDARD_LIBRARIES = YES;
				DEVELOPMENT_TEAM = LQ5WW9469F;
				INFOPLIST_FILE = PokedexUITests/Info.plist;
				LD_RUNPATH_SEARCH_PATHS = "$(inherited) @executable_path/Frameworks @loader_path/Frameworks";
				PRODUCT_BUNDLE_IDENTIFIER = "io.swift-yah.PokedexUITests";
				PRODUCT_NAME = "$(TARGET_NAME)";
				SWIFT_VERSION = 3.0;
				TARGETED_DEVICE_FAMILY = "1,2";
				TEST_TARGET_NAME = Pokedex;
			};
			name = Release;
		};
/* End XCBuildConfiguration section */

/* Begin XCConfigurationList section */
		5376625F1F00AED500156EE5 /* Build configuration list for PBXProject "Pokedex" */ = {
			isa = XCConfigurationList;
			buildConfigurations = (
				5376628A1F00AED500156EE5 /* Debug */,
				5376628B1F00AED500156EE5 /* Release */,
			);
			defaultConfigurationIsVisible = 0;
			defaultConfigurationName = Release;
		};
		5376628C1F00AED500156EE5 /* Build configuration list for PBXNativeTarget "Pokedex" */ = {
			isa = XCConfigurationList;
			buildConfigurations = (
				5376628D1F00AED500156EE5 /* Debug */,
				5376628E1F00AED500156EE5 /* Release */,
			);
			defaultConfigurationIsVisible = 0;
			defaultConfigurationName = Release;
		};
		5376628F1F00AED500156EE5 /* Build configuration list for PBXNativeTarget "PokedexTests" */ = {
			isa = XCConfigurationList;
			buildConfigurations = (
				537662901F00AED500156EE5 /* Debug */,
				537662911F00AED500156EE5 /* Release */,
			);
			defaultConfigurationIsVisible = 0;
			defaultConfigurationName = Release;
		};
		537662921F00AED500156EE5 /* Build configuration list for PBXNativeTarget "PokedexUITests" */ = {
			isa = XCConfigurationList;
			buildConfigurations = (
				537662931F00AED500156EE5 /* Debug */,
				537662941F00AED500156EE5 /* Release */,
			);
			defaultConfigurationIsVisible = 0;
			defaultConfigurationName = Release;
		};
/* End XCConfigurationList section */
	};
	rootObject = 5376625C1F00AED500156EE5 /* Project object */;
}
